// !$*UTF8*$!
{
	archiveVersion = 1;
	classes = {
	};
	objectVersion = 55;
	objects = {

/* Begin PBXBuildFile section */
		6A8EC64927FF99240050CA3F /* MapViewController.swift in Sources */ = {isa = PBXBuildFile; fileRef = 6A8EC64827FF99240050CA3F /* MapViewController.swift */; };
		6A8EC64B27FF99330050CA3F /* BookMarkViewController.swift in Sources */ = {isa = PBXBuildFile; fileRef = 6A8EC64A27FF99330050CA3F /* BookMarkViewController.swift */; };
		6ACBB92627FF9372004533D1 /* AppDelegate.swift in Sources */ = {isa = PBXBuildFile; fileRef = 6ACBB92527FF9372004533D1 /* AppDelegate.swift */; };
		6ACBB92827FF9372004533D1 /* SceneDelegate.swift in Sources */ = {isa = PBXBuildFile; fileRef = 6ACBB92727FF9372004533D1 /* SceneDelegate.swift */; };
		6ACBB92D27FF9372004533D1 /* Main.storyboard in Resources */ = {isa = PBXBuildFile; fileRef = 6ACBB92B27FF9372004533D1 /* Main.storyboard */; };
		6ACBB92F27FF9379004533D1 /* Assets.xcassets in Resources */ = {isa = PBXBuildFile; fileRef = 6ACBB92E27FF9379004533D1 /* Assets.xcassets */; };
		6ACBB93227FF9379004533D1 /* LaunchScreen.storyboard in Resources */ = {isa = PBXBuildFile; fileRef = 6ACBB93027FF9379004533D1 /* LaunchScreen.storyboard */; };
		6ACBB93D27FF9379004533D1 /* placesAppTests.swift in Sources */ = {isa = PBXBuildFile; fileRef = 6ACBB93C27FF9379004533D1 /* placesAppTests.swift */; };
		6ACBB94727FF9379004533D1 /* placesAppUITests.swift in Sources */ = {isa = PBXBuildFile; fileRef = 6ACBB94627FF9379004533D1 /* placesAppUITests.swift */; };
		6ACBB94927FF9379004533D1 /* placesAppUITestsLaunchTests.swift in Sources */ = {isa = PBXBuildFile; fileRef = 6ACBB94827FF9379004533D1 /* placesAppUITestsLaunchTests.swift */; };
/* End PBXBuildFile section */

/* Begin PBXContainerItemProxy section */
		6ACBB93927FF9379004533D1 /* PBXContainerItemProxy */ = {
			isa = PBXContainerItemProxy;
			containerPortal = 6ACBB91A27FF9372004533D1 /* Project object */;
			proxyType = 1;
			remoteGlobalIDString = 6ACBB92127FF9372004533D1;
			remoteInfo = placesApp;
		};
		6ACBB94327FF9379004533D1 /* PBXContainerItemProxy */ = {
			isa = PBXContainerItemProxy;
			containerPortal = 6ACBB91A27FF9372004533D1 /* Project object */;
			proxyType = 1;
			remoteGlobalIDString = 6ACBB92127FF9372004533D1;
			remoteInfo = placesApp;
		};
/* End PBXContainerItemProxy section */

/* Begin PBXFileReference section */
		6A8EC64827FF99240050CA3F /* MapViewController.swift */ = {isa = PBXFileReference; lastKnownFileType = sourcecode.swift; path = MapViewController.swift; sourceTree = "<group>"; };
		6A8EC64A27FF99330050CA3F /* BookMarkViewController.swift */ = {isa = PBXFileReference; lastKnownFileType = sourcecode.swift; path = BookMarkViewController.swift; sourceTree = "<group>"; };
		6ACBB92227FF9372004533D1 /* placesApp.app */ = {isa = PBXFileReference; explicitFileType = wrapper.application; includeInIndex = 0; path = placesApp.app; sourceTree = BUILT_PRODUCTS_DIR; };
		6ACBB92527FF9372004533D1 /* AppDelegate.swift */ = {isa = PBXFileReference; lastKnownFileType = sourcecode.swift; path = AppDelegate.swift; sourceTree = "<group>"; };
		6ACBB92727FF9372004533D1 /* SceneDelegate.swift */ = {isa = PBXFileReference; lastKnownFileType = sourcecode.swift; path = SceneDelegate.swift; sourceTree = "<group>"; };
		6ACBB92C27FF9372004533D1 /* Base */ = {isa = PBXFileReference; lastKnownFileType = file.storyboard; name = Base; path = Base.lproj/Main.storyboard; sourceTree = "<group>"; };
		6ACBB92E27FF9379004533D1 /* Assets.xcassets */ = {isa = PBXFileReference; lastKnownFileType = folder.assetcatalog; path = Assets.xcassets; sourceTree = "<group>"; };
		6ACBB93127FF9379004533D1 /* Base */ = {isa = PBXFileReference; lastKnownFileType = file.storyboard; name = Base; path = Base.lproj/LaunchScreen.storyboard; sourceTree = "<group>"; };
		6ACBB93327FF9379004533D1 /* Info.plist */ = {isa = PBXFileReference; lastKnownFileType = text.plist.xml; path = Info.plist; sourceTree = "<group>"; };
		6ACBB93827FF9379004533D1 /* placesAppTests.xctest */ = {isa = PBXFileReference; explicitFileType = wrapper.cfbundle; includeInIndex = 0; path = placesAppTests.xctest; sourceTree = BUILT_PRODUCTS_DIR; };
		6ACBB93C27FF9379004533D1 /* placesAppTests.swift */ = {isa = PBXFileReference; lastKnownFileType = sourcecode.swift; path = placesAppTests.swift; sourceTree = "<group>"; };
		6ACBB94227FF9379004533D1 /* placesAppUITests.xctest */ = {isa = PBXFileReference; explicitFileType = wrapper.cfbundle; includeInIndex = 0; path = placesAppUITests.xctest; sourceTree = BUILT_PRODUCTS_DIR; };
		6ACBB94627FF9379004533D1 /* placesAppUITests.swift */ = {isa = PBXFileReference; lastKnownFileType = sourcecode.swift; path = placesAppUITests.swift; sourceTree = "<group>"; };
		6ACBB94827FF9379004533D1 /* placesAppUITestsLaunchTests.swift */ = {isa = PBXFileReference; lastKnownFileType = sourcecode.swift; path = placesAppUITestsLaunchTests.swift; sourceTree = "<group>"; };
/* End PBXFileReference section */

/* Begin PBXFrameworksBuildPhase section */
		6ACBB91F27FF9372004533D1 /* Frameworks */ = {
			isa = PBXFrameworksBuildPhase;
			buildActionMask = 2147483647;
			files = (
			);
			runOnlyForDeploymentPostprocessing = 0;
		};
		6ACBB93527FF9379004533D1 /* Frameworks */ = {
			isa = PBXFrameworksBuildPhase;
			buildActionMask = 2147483647;
			files = (
			);
			runOnlyForDeploymentPostprocessing = 0;
		};
		6ACBB93F27FF9379004533D1 /* Frameworks */ = {
			isa = PBXFrameworksBuildPhase;
			buildActionMask = 2147483647;
			files = (
			);
			runOnlyForDeploymentPostprocessing = 0;
		};
/* End PBXFrameworksBuildPhase section */

/* Begin PBXGroup section */
		6ACBB91927FF9372004533D1 = {
			isa = PBXGroup;
			children = (
				6ACBB92427FF9372004533D1 /* placesApp */,
				6ACBB93B27FF9379004533D1 /* placesAppTests */,
				6ACBB94527FF9379004533D1 /* placesAppUITests */,
				6ACBB92327FF9372004533D1 /* Products */,
			);
			sourceTree = "<group>";
		};
		6ACBB92327FF9372004533D1 /* Products */ = {
			isa = PBXGroup;
			children = (
				6ACBB92227FF9372004533D1 /* placesApp.app */,
				6ACBB93827FF9379004533D1 /* placesAppTests.xctest */,
				6ACBB94227FF9379004533D1 /* placesAppUITests.xctest */,
			);
			name = Products;
			sourceTree = "<group>";
		};
		6ACBB92427FF9372004533D1 /* placesApp */ = {
			isa = PBXGroup;
			children = (
				6ACBB92527FF9372004533D1 /* AppDelegate.swift */,
				6ACBB92727FF9372004533D1 /* SceneDelegate.swift */,
				6ACBB92B27FF9372004533D1 /* Main.storyboard */,
				6ACBB92E27FF9379004533D1 /* Assets.xcassets */,
				6ACBB93027FF9379004533D1 /* LaunchScreen.storyboard */,
				6ACBB93327FF9379004533D1 /* Info.plist */,
				6A8EC64827FF99240050CA3F /* MapViewController.swift */,
				6A8EC64A27FF99330050CA3F /* BookMarkViewController.swift */,
			);
			path = placesApp;
			sourceTree = "<group>";
		};
		6ACBB93B27FF9379004533D1 /* placesAppTests */ = {
			isa = PBXGroup;
			children = (
				6ACBB93C27FF9379004533D1 /* placesAppTests.swift */,
			);
			path = placesAppTests;
			sourceTree = "<group>";
		};
		6ACBB94527FF9379004533D1 /* placesAppUITests */ = {
			isa = PBXGroup;
			children = (
				6ACBB94627FF9379004533D1 /* placesAppUITests.swift */,
				6ACBB94827FF9379004533D1 /* placesAppUITestsLaunchTests.swift */,
			);
			path = placesAppUITests;
			sourceTree = "<group>";
		};
/* End PBXGroup section */

/* Begin PBXNativeTarget section */
		6ACBB92127FF9372004533D1 /* placesApp */ = {
			isa = PBXNativeTarget;
			buildConfigurationList = 6ACBB94C27FF9379004533D1 /* Build configuration list for PBXNativeTarget "placesApp" */;
			buildPhases = (
				6ACBB91E27FF9372004533D1 /* Sources */,
				6ACBB91F27FF9372004533D1 /* Frameworks */,
				6ACBB92027FF9372004533D1 /* Resources */,
			);
			buildRules = (
			);
			dependencies = (
			);
			name = placesApp;
			productName = placesApp;
			productReference = 6ACBB92227FF9372004533D1 /* placesApp.app */;
			productType = "com.apple.product-type.application";
		};
		6ACBB93727FF9379004533D1 /* placesAppTests */ = {
			isa = PBXNativeTarget;
			buildConfigurationList = 6ACBB94F27FF9379004533D1 /* Build configuration list for PBXNativeTarget "placesAppTests" */;
			buildPhases = (
				6ACBB93427FF9379004533D1 /* Sources */,
				6ACBB93527FF9379004533D1 /* Frameworks */,
				6ACBB93627FF9379004533D1 /* Resources */,
			);
			buildRules = (
			);
			dependencies = (
				6ACBB93A27FF9379004533D1 /* PBXTargetDependency */,
			);
			name = placesAppTests;
			productName = placesAppTests;
			productReference = 6ACBB93827FF9379004533D1 /* placesAppTests.xctest */;
			productType = "com.apple.product-type.bundle.unit-test";
		};
		6ACBB94127FF9379004533D1 /* placesAppUITests */ = {
			isa = PBXNativeTarget;
			buildConfigurationList = 6ACBB95227FF9379004533D1 /* Build configuration list for PBXNativeTarget "placesAppUITests" */;
			buildPhases = (
				6ACBB93E27FF9379004533D1 /* Sources */,
				6ACBB93F27FF9379004533D1 /* Frameworks */,
				6ACBB94027FF9379004533D1 /* Resources */,
			);
			buildRules = (
			);
			dependencies = (
				6ACBB94427FF9379004533D1 /* PBXTargetDependency */,
			);
			name = placesAppUITests;
			productName = placesAppUITests;
			productReference = 6ACBB94227FF9379004533D1 /* placesAppUITests.xctest */;
			productType = "com.apple.product-type.bundle.ui-testing";
		};
/* End PBXNativeTarget section */

/* Begin PBXProject section */
		6ACBB91A27FF9372004533D1 /* Project object */ = {
			isa = PBXProject;
			attributes = {
				BuildIndependentTargetsInParallel = 1;
				LastSwiftUpdateCheck = 1330;
				LastUpgradeCheck = 1330;
				TargetAttributes = {
					6ACBB92127FF9372004533D1 = {
						CreatedOnToolsVersion = 13.3;
					};
					6ACBB93727FF9379004533D1 = {
						CreatedOnToolsVersion = 13.3;
						TestTargetID = 6ACBB92127FF9372004533D1;
					};
					6ACBB94127FF9379004533D1 = {
						CreatedOnToolsVersion = 13.3;
						TestTargetID = 6ACBB92127FF9372004533D1;
					};
				};
			};
			buildConfigurationList = 6ACBB91D27FF9372004533D1 /* Build configuration list for PBXProject "placesApp" */;
			compatibilityVersion = "Xcode 13.0";
			developmentRegion = en;
			hasScannedForEncodings = 0;
			knownRegions = (
				en,
				Base,
			);
			mainGroup = 6ACBB91927FF9372004533D1;
			productRefGroup = 6ACBB92327FF9372004533D1 /* Products */;
			projectDirPath = "";
			projectRoot = "";
			targets = (
				6ACBB92127FF9372004533D1 /* placesApp */,
				6ACBB93727FF9379004533D1 /* placesAppTests */,
				6ACBB94127FF9379004533D1 /* placesAppUITests */,
			);
		};
/* End PBXProject section */

/* Begin PBXResourcesBuildPhase section */
		6ACBB92027FF9372004533D1 /* Resources */ = {
			isa = PBXResourcesBuildPhase;
			buildActionMask = 2147483647;
			files = (
				6ACBB93227FF9379004533D1 /* LaunchScreen.storyboard in Resources */,
				6ACBB92F27FF9379004533D1 /* Assets.xcassets in Resources */,
				6ACBB92D27FF9372004533D1 /* Main.storyboard in Resources */,
			);
			runOnlyForDeploymentPostprocessing = 0;
		};
		6ACBB93627FF9379004533D1 /* Resources */ = {
			isa = PBXResourcesBuildPhase;
			buildActionMask = 2147483647;
			files = (
			);
			runOnlyForDeploymentPostprocessing = 0;
		};
		6ACBB94027FF9379004533D1 /* Resources */ = {
			isa = PBXResourcesBuildPhase;
			buildActionMask = 2147483647;
			files = (
			);
			runOnlyForDeploymentPostprocessing = 0;
		};
/* End PBXResourcesBuildPhase section */

/* Begin PBXSourcesBuildPhase section */
		6ACBB91E27FF9372004533D1 /* Sources */ = {
			isa = PBXSourcesBuildPhase;
			buildActionMask = 2147483647;
			files = (
				6A8EC64B27FF99330050CA3F /* BookMarkViewController.swift in Sources */,
				6ACBB92627FF9372004533D1 /* AppDelegate.swift in Sources */,
				6A8EC64927FF99240050CA3F /* MapViewController.swift in Sources */,
				6ACBB92827FF9372004533D1 /* SceneDelegate.swift in Sources */,
			);
			runOnlyForDeploymentPostprocessing = 0;
		};
		6ACBB93427FF9379004533D1 /* Sources */ = {
			isa = PBXSourcesBuildPhase;
			buildActionMask = 2147483647;
			files = (
				6ACBB93D27FF9379004533D1 /* placesAppTests.swift in Sources */,
			);
			runOnlyForDeploymentPostprocessing = 0;
		};
		6ACBB93E27FF9379004533D1 /* Sources */ = {
			isa = PBXSourcesBuildPhase;
			buildActionMask = 2147483647;
			files = (
				6ACBB94927FF9379004533D1 /* placesAppUITestsLaunchTests.swift in Sources */,
				6ACBB94727FF9379004533D1 /* placesAppUITests.swift in Sources */,
			);
			runOnlyForDeploymentPostprocessing = 0;
		};
/* End PBXSourcesBuildPhase section */

/* Begin PBXTargetDependency section */
		6ACBB93A27FF9379004533D1 /* PBXTargetDependency */ = {
			isa = PBXTargetDependency;
			target = 6ACBB92127FF9372004533D1 /* placesApp */;
			targetProxy = 6ACBB93927FF9379004533D1 /* PBXContainerItemProxy */;
		};
		6ACBB94427FF9379004533D1 /* PBXTargetDependency */ = {
			isa = PBXTargetDependency;
			target = 6ACBB92127FF9372004533D1 /* placesApp */;
			targetProxy = 6ACBB94327FF9379004533D1 /* PBXContainerItemProxy */;
		};
/* End PBXTargetDependency section */

/* Begin PBXVariantGroup section */
		6ACBB92B27FF9372004533D1 /* Main.storyboard */ = {
			isa = PBXVariantGroup;
			children = (
				6ACBB92C27FF9372004533D1 /* Base */,
			);
			name = Main.storyboard;
			sourceTree = "<group>";
		};
		6ACBB93027FF9379004533D1 /* LaunchScreen.storyboard */ = {
			isa = PBXVariantGroup;
			children = (
				6ACBB93127FF9379004533D1 /* Base */,
			);
			name = LaunchScreen.storyboard;
			sourceTree = "<group>";
		};
/* End PBXVariantGroup section */

/* Begin XCBuildConfiguration section */
		6ACBB94A27FF9379004533D1 /* Debug */ = {
			isa = XCBuildConfiguration;
			buildSettings = {
				ALWAYS_SEARCH_USER_PATHS = NO;
				CLANG_ANALYZER_NONNULL = YES;
				CLANG_ANALYZER_NUMBER_OBJECT_CONVERSION = YES_AGGRESSIVE;
				CLANG_CXX_LANGUAGE_STANDARD = "gnu++17";
				CLANG_ENABLE_MODULES = YES;
				CLANG_ENABLE_OBJC_ARC = YES;
				CLANG_ENABLE_OBJC_WEAK = YES;
				CLANG_WARN_BLOCK_CAPTURE_AUTORELEASING = YES;
				CLANG_WARN_BOOL_CONVERSION = YES;
				CLANG_WARN_COMMA = YES;
				CLANG_WARN_CONSTANT_CONVERSION = YES;
				CLANG_WARN_DEPRECATED_OBJC_IMPLEMENTATIONS = YES;
				CLANG_WARN_DIRECT_OBJC_ISA_USAGE = YES_ERROR;
				CLANG_WARN_DOCUMENTATION_COMMENTS = YES;
				CLANG_WARN_EMPTY_BODY = YES;
				CLANG_WARN_ENUM_CONVERSION = YES;
				CLANG_WARN_INFINITE_RECURSION = YES;
				CLANG_WARN_INT_CONVERSION = YES;
				CLANG_WARN_NON_LITERAL_NULL_CONVERSION = YES;
				CLANG_WARN_OBJC_IMPLICIT_RETAIN_SELF = YES;
				CLANG_WARN_OBJC_LITERAL_CONVERSION = YES;
				CLANG_WARN_OBJC_ROOT_CLASS = YES_ERROR;
				CLANG_WARN_QUOTED_INCLUDE_IN_FRAMEWORK_HEADER = YES;
				CLANG_WARN_RANGE_LOOP_ANALYSIS = YES;
				CLANG_WARN_STRICT_PROTOTYPES = YES;
				CLANG_WARN_SUSPICIOUS_MOVE = YES;
				CLANG_WARN_UNGUARDED_AVAILABILITY = YES_AGGRESSIVE;
				CLANG_WARN_UNREACHABLE_CODE = YES;
				CLANG_WARN__DUPLICATE_METHOD_MATCH = YES;
				COPY_PHASE_STRIP = NO;
				DEBUG_INFORMATION_FORMAT = dwarf;
				ENABLE_STRICT_OBJC_MSGSEND = YES;
				ENABLE_TESTABILITY = YES;
				GCC_C_LANGUAGE_STANDARD = gnu11;
				GCC_DYNAMIC_NO_PIC = NO;
				GCC_NO_COMMON_BLOCKS = YES;
				GCC_OPTIMIZATION_LEVEL = 0;
				GCC_PREPROCESSOR_DEFINITIONS = (
					"DEBUG=1",
					"$(inherited)",
				);
				GCC_WARN_64_TO_32_BIT_CONVERSION = YES;
				GCC_WARN_ABOUT_RETURN_TYPE = YES_ERROR;
				GCC_WARN_UNDECLARED_SELECTOR = YES;
				GCC_WARN_UNINITIALIZED_AUTOS = YES_AGGRESSIVE;
				GCC_WARN_UNUSED_FUNCTION = YES;
				GCC_WARN_UNUSED_VARIABLE = YES;
				IPHONEOS_DEPLOYMENT_TARGET = 15.4;
				MTL_ENABLE_DEBUG_INFO = INCLUDE_SOURCE;
				MTL_FAST_MATH = YES;
				ONLY_ACTIVE_ARCH = YES;
				SDKROOT = iphoneos;
				SWIFT_ACTIVE_COMPILATION_CONDITIONS = DEBUG;
				SWIFT_OPTIMIZATION_LEVEL = "-Onone";
			};
			name = Debug;
		};
		6ACBB94B27FF9379004533D1 /* Release */ = {
			isa = XCBuildConfiguration;
			buildSettings = {
				ALWAYS_SEARCH_USER_PATHS = NO;
				CLANG_ANALYZER_NONNULL = YES;
				CLANG_ANALYZER_NUMBER_OBJECT_CONVERSION = YES_AGGRESSIVE;
				CLANG_CXX_LANGUAGE_STANDARD = "gnu++17";
				CLANG_ENABLE_MODULES = YES;
				CLANG_ENABLE_OBJC_ARC = YES;
				CLANG_ENABLE_OBJC_WEAK = YES;
				CLANG_WARN_BLOCK_CAPTURE_AUTORELEASING = YES;
				CLANG_WARN_BOOL_CONVERSION = YES;
				CLANG_WARN_COMMA = YES;
				CLANG_WARN_CONSTANT_CONVERSION = YES;
				CLANG_WARN_DEPRECATED_OBJC_IMPLEMENTATIONS = YES;
				CLANG_WARN_DIRECT_OBJC_ISA_USAGE = YES_ERROR;
				CLANG_WARN_DOCUMENTATION_COMMENTS = YES;
				CLANG_WARN_EMPTY_BODY = YES;
				CLANG_WARN_ENUM_CONVERSION = YES;
				CLANG_WARN_INFINITE_RECURSION = YES;
				CLANG_WARN_INT_CONVERSION = YES;
				CLANG_WARN_NON_LITERAL_NULL_CONVERSION = YES;
				CLANG_WARN_OBJC_IMPLICIT_RETAIN_SELF = YES;
				CLANG_WARN_OBJC_LITERAL_CONVERSION = YES;
				CLANG_WARN_OBJC_ROOT_CLASS = YES_ERROR;
				CLANG_WARN_QUOTED_INCLUDE_IN_FRAMEWORK_HEADER = YES;
				CLANG_WARN_RANGE_LOOP_ANALYSIS = YES;
				CLANG_WARN_STRICT_PROTOTYPES = YES;
				CLANG_WARN_SUSPICIOUS_MOVE = YES;
				CLANG_WARN_UNGUARDED_AVAILABILITY = YES_AGGRESSIVE;
				CLANG_WARN_UNREACHABLE_CODE = YES;
				CLANG_WARN__DUPLICATE_METHOD_MATCH = YES;
				COPY_PHASE_STRIP = NO;
				DEBUG_INFORMATION_FORMAT = "dwarf-with-dsym";
				ENABLE_NS_ASSERTIONS = NO;
				ENABLE_STRICT_OBJC_MSGSEND = YES;
				GCC_C_LANGUAGE_STANDARD = gnu11;
				GCC_NO_COMMON_BLOCKS = YES;
				GCC_WARN_64_TO_32_BIT_CONVERSION = YES;
				GCC_WARN_ABOUT_RETURN_TYPE = YES_ERROR;
				GCC_WARN_UNDECLARED_SELECTOR = YES;
				GCC_WARN_UNINITIALIZED_AUTOS = YES_AGGRESSIVE;
				GCC_WARN_UNUSED_FUNCTION = YES;
				GCC_WARN_UNUSED_VARIABLE = YES;
				IPHONEOS_DEPLOYMENT_TARGET = 15.4;
				MTL_ENABLE_DEBUG_INFO = NO;
				MTL_FAST_MATH = YES;
				SDKROOT = iphoneos;
				SWIFT_COMPILATION_MODE = wholemodule;
				SWIFT_OPTIMIZATION_LEVEL = "-O";
				VALIDATE_PRODUCT = YES;
			};
			name = Release;
		};
		6ACBB94D27FF9379004533D1 /* Debug */ = {
			isa = XCBuildConfiguration;
			buildSettings = {
				ASSETCATALOG_COMPILER_APPICON_NAME = AppIcon;
				ASSETCATALOG_COMPILER_GLOBAL_ACCENT_COLOR_NAME = AccentColor;
				CODE_SIGN_STYLE = Automatic;
				CURRENT_PROJECT_VERSION = 1;
				GENERATE_INFOPLIST_FILE = YES;
				INFOPLIST_FILE = placesApp/Info.plist;
				INFOPLIST_KEY_UIApplicationSupportsIndirectInputEvents = YES;
				INFOPLIST_KEY_UILaunchStoryboardName = LaunchScreen;
				INFOPLIST_KEY_UIMainStoryboardFile = Main;
				INFOPLIST_KEY_UISupportedInterfaceOrientations_iPad = "UIInterfaceOrientationPortrait UIInterfaceOrientationPortraitUpsideDown UIInterfaceOrientationLandscapeLeft UIInterfaceOrientationLandscapeRight";
				INFOPLIST_KEY_UISupportedInterfaceOrientations_iPhone = "UIInterfaceOrientationPortrait UIInterfaceOrientationLandscapeLeft UIInterfaceOrientationLandscapeRight";
				LD_RUNPATH_SEARCH_PATHS = (
					"$(inherited)",
					"@executable_path/Frameworks",
				);
				MARKETING_VERSION = 1.0;
				PRODUCT_BUNDLE_IDENTIFIER = vito.placesApp;
				PRODUCT_NAME = "$(TARGET_NAME)";
				SWIFT_EMIT_LOC_STRINGS = YES;
				SWIFT_VERSION = 5.0;
				TARGETED_DEVICE_FAMILY = "1,2";
			};
			name = Debug;
		};
		6ACBB94E27FF9379004533D1 /* Release */ = {
			isa = XCBuildConfiguration;
			buildSettings = {
				ASSETCATALOG_COMPILER_APPICON_NAME = AppIcon;
				ASSETCATALOG_COMPILER_GLOBAL_ACCENT_COLOR_NAME = AccentColor;
				CODE_SIGN_STYLE = Automatic;
				CURRENT_PROJECT_VERSION = 1;
				GENERATE_INFOPLIST_FILE = YES;
				INFOPLIST_FILE = placesApp/Info.plist;
				INFOPLIST_KEY_UIApplicationSupportsIndirectInputEvents = YES;
				INFOPLIST_KEY_UILaunchStoryboardName = LaunchScreen;
				INFOPLIST_KEY_UIMainStoryboardFile = Main;
				INFOPLIST_KEY_UISupportedInterfaceOrientations_iPad = "UIInterfaceOrientationPortrait UIInterfaceOrientationPortraitUpsideDown UIInterfaceOrientationLandscapeLeft UIInterfaceOrientationLandscapeRight";
				INFOPLIST_KEY_UISupportedInterfaceOrientations_iPhone = "UIInterfaceOrientationPortrait UIInterfaceOrientationLandscapeLeft UIInterfaceOrientationLandscapeRight";
				LD_RUNPATH_SEARCH_PATHS = (
					"$(inherited)",
					"@executable_path/Frameworks",
				);
				MARKETING_VERSION = 1.0;
				PRODUCT_BUNDLE_IDENTIFIER = vito.placesApp;
				PRODUCT_NAME = "$(TARGET_NAME)";
				SWIFT_EMIT_LOC_STRINGS = YES;
				SWIFT_VERSION = 5.0;
				TARGETED_DEVICE_FAMILY = "1,2";
			};
			name = Release;
		};
		6ACBB95027FF9379004533D1 /* Debug */ = {
			isa = XCBuildConfiguration;
			buildSettings = {
				ALWAYS_EMBED_SWIFT_STANDARD_LIBRARIES = YES;
				BUNDLE_LOADER = "$(TEST_HOST)";
				CODE_SIGN_STYLE = Automatic;
				CURRENT_PROJECT_VERSION = 1;
				GENERATE_INFOPLIST_FILE = YES;
				IPHONEOS_DEPLOYMENT_TARGET = 15.4;
				MARKETING_VERSION = 1.0;
				PRODUCT_BUNDLE_IDENTIFIER = vito.placesAppTests;
				PRODUCT_NAME = "$(TARGET_NAME)";
				SWIFT_EMIT_LOC_STRINGS = NO;
				SWIFT_VERSION = 5.0;
				TARGETED_DEVICE_FAMILY = "1,2";
				TEST_HOST = "$(BUILT_PRODUCTS_DIR)/placesApp.app/placesApp";
			};
			name = Debug;
		};
		6ACBB95127FF9379004533D1 /* Release */ = {
			isa = XCBuildConfiguration;
			buildSettings = {
				ALWAYS_EMBED_SWIFT_STANDARD_LIBRARIES = YES;
				BUNDLE_LOADER = "$(TEST_HOST)";
				CODE_SIGN_STYLE = Automatic;
				CURRENT_PROJECT_VERSION = 1;
				GENERATE_INFOPLIST_FILE = YES;
				IPHONEOS_DEPLOYMENT_TARGET = 15.4;
				MARKETING_VERSION = 1.0;
				PRODUCT_BUNDLE_IDENTIFIER = vito.placesAppTests;
				PRODUCT_NAME = "$(TARGET_NAME)";
				SWIFT_EMIT_LOC_STRINGS = NO;
				SWIFT_VERSION = 5.0;
				TARGETED_DEVICE_FAMILY = "1,2";
				TEST_HOST = "$(BUILT_PRODUCTS_DIR)/placesApp.app/placesApp";
			};
			name = Release;
		};
		6ACBB95327FF9379004533D1 /* Debug */ = {
			isa = XCBuildConfiguration;
			buildSettings = {
				ALWAYS_EMBED_SWIFT_STANDARD_LIBRARIES = YES;
				CODE_SIGN_STYLE = Automatic;
				CURRENT_PROJECT_VERSION = 1;
				GENERATE_INFOPLIST_FILE = YES;
				MARKETING_VERSION = 1.0;
				PRODUCT_BUNDLE_IDENTIFIER = vito.placesAppUITests;
				PRODUCT_NAME = "$(TARGET_NAME)";
				SWIFT_EMIT_LOC_STRINGS = NO;
				SWIFT_VERSION = 5.0;
				TARGETED_DEVICE_FAMILY = "1,2";
				TEST_TARGET_NAME = placesApp;
			};
			name = Debug;
		};
		6ACBB95427FF9379004533D1 /* Release */ = {
			isa = XCBuildConfiguration;
			buildSettings = {
				ALWAYS_EMBED_SWIFT_STANDARD_LIBRARIES = YES;
				CODE_SIGN_STYLE = Automatic;
				CURRENT_PROJECT_VERSION = 1;
				GENERATE_INFOPLIST_FILE = YES;
				MARKETING_VERSION = 1.0;
				PRODUCT_BUNDLE_IDENTIFIER = vito.placesAppUITests;
				PRODUCT_NAME = "$(TARGET_NAME)";
				SWIFT_EMIT_LOC_STRINGS = NO;
				SWIFT_VERSION = 5.0;
				TARGETED_DEVICE_FAMILY = "1,2";
				TEST_TARGET_NAME = placesApp;
			};
			name = Release;
		};
/* End XCBuildConfiguration section */

/* Begin XCConfigurationList section */
		6ACBB91D27FF9372004533D1 /* Build configuration list for PBXProject "placesApp" */ = {
			isa = XCConfigurationList;
			buildConfigurations = (
				6ACBB94A27FF9379004533D1 /* Debug */,
				6ACBB94B27FF9379004533D1 /* Release */,
			);
			defaultConfigurationIsVisible = 0;
			defaultConfigurationName = Release;
		};
		6ACBB94C27FF9379004533D1 /* Build configuration list for PBXNativeTarget "placesApp" */ = {
			isa = XCConfigurationList;
			buildConfigurations = (
				6ACBB94D27FF9379004533D1 /* Debug */,
				6ACBB94E27FF9379004533D1 /* Release */,
			);
			defaultConfigurationIsVisible = 0;
			defaultConfigurationName = Release;
		};
		6ACBB94F27FF9379004533D1 /* Build configuration list for PBXNativeTarget "placesAppTests" */ = {
			isa = XCConfigurationList;
			buildConfigurations = (
				6ACBB95027FF9379004533D1 /* Debug */,
				6ACBB95127FF9379004533D1 /* Release */,
			);
			defaultConfigurationIsVisible = 0;
			defaultConfigurationName = Release;
		};
		6ACBB95227FF9379004533D1 /* Build configuration list for PBXNativeTarget "placesAppUITests" */ = {
			isa = XCConfigurationList;
			buildConfigurations = (
				6ACBB95327FF9379004533D1 /* Debug */,
				6ACBB95427FF9379004533D1 /* Release */,
			);
			defaultConfigurationIsVisible = 0;
			defaultConfigurationName = Release;
		};
/* End XCConfigurationList section */
	};
	rootObject = 6ACBB91A27FF9372004533D1 /* Project object */;
}
